PODS:
  - cometchat_chat_uikit (4.5.4):
    - Flutter
  - cometchat_sdk (4.0.14):
    - CometChatSDK (= 4.0.50)
    - Flutter
  - cometchat_uikit_shared (4.4.4):
    - Flutter
  - CometChatSDK (4.0.50)
  - Flutter (1.0.0)
  - image_picker_ios (0.0.1):
    - Flutter
  - integration_test (0.0.1):
    - Flutter
  - package_info_plus (0.4.5):
    - Flutter
  - path_provider_foundation (0.0.1):
    - Flutter
    - FlutterMacOS
  - url_launcher_ios (0.0.1):
    - Flutter
  - video_player_avfoundation (0.0.1):
    - Flutter
  - wakelock_plus (0.0.1):
    - Flutter
  - webview_flutter_wkwebview (0.0.1):
    - Flutter

DEPENDENCIES:
  - cometchat_chat_uikit (from `.symlinks/plugins/cometchat_chat_uikit/ios`)
  - cometchat_sdk (from `.symlinks/plugins/cometchat_sdk/ios`)
  - cometchat_uikit_shared (from `.symlinks/plugins/cometchat_uikit_shared/ios`)
  - Flutter (from `Flutter`)
  - image_picker_ios (from `.symlinks/plugins/image_picker_ios/ios`)
  - integration_test (from `.symlinks/plugins/integration_test/ios`)
  - package_info_plus (from `.symlinks/plugins/package_info_plus/ios`)
  - path_provider_foundation (from `.symlinks/plugins/path_provider_foundation/darwin`)
  - url_launcher_ios (from `.symlinks/plugins/url_launcher_ios/ios`)
  - video_player_avfoundation (from `.symlinks/plugins/video_player_avfoundation/ios`)
  - wakelock_plus (from `.symlinks/plugins/wakelock_plus/ios`)
  - webview_flutter_wkwebview (from `.symlinks/plugins/webview_flutter_wkwebview/ios`)

SPEC REPOS:
  trunk:
    - CometChatSDK

EXTERNAL SOURCES:
  cometchat_chat_uikit:
    :path: ".symlinks/plugins/cometchat_chat_uikit/ios"
  cometchat_sdk:
    :path: ".symlinks/plugins/cometchat_sdk/ios"
  cometchat_uikit_shared:
    :path: ".symlinks/plugins/cometchat_uikit_shared/ios"
  Flutter:
    :path: Flutter
  image_picker_ios:
    :path: ".symlinks/plugins/image_picker_ios/ios"
  integration_test:
    :path: ".symlinks/plugins/integration_test/ios"
  package_info_plus:
    :path: ".symlinks/plugins/package_info_plus/ios"
  path_provider_foundation:
    :path: ".symlinks/plugins/path_provider_foundation/darwin"
  url_launcher_ios:
    :path: ".symlinks/plugins/url_launcher_ios/ios"
  video_player_avfoundation:
    :path: ".symlinks/plugins/video_player_avfoundation/ios"
  wakelock_plus:
    :path: ".symlinks/plugins/wakelock_plus/ios"
  webview_flutter_wkwebview:
    :path: ".symlinks/plugins/webview_flutter_wkwebview/ios"

SPEC CHECKSUMS:
  cometchat_chat_uikit: 3f4c8ce46b7d62a91bf0b069a09d86cbca510c3d
  cometchat_sdk: 07fd7896b72da5af385bf79e8aa30bd0409415ac
  cometchat_uikit_shared: a65901f58bfb5f27e9c78f9f14372fd0f2bf940f
  CometChatSDK: f4a5ac966ac5b6a85bebd9b58633de17b1d60259
  Flutter: e0871f40cf51350855a761d2e70bf5af5b9b5de7
  image_picker_ios: 4a8aadfbb6dc30ad5141a2ce3832af9214a705b5
  integration_test: ce0a3ffa1de96d1a89ca0ac26fca7ea18a749ef4
  package_info_plus: fd030dabf36271f146f1f3beacd48f564b0f17f7
  path_provider_foundation: 29f094ae23ebbca9d3d0cec13889cd9060c0e943
  url_launcher_ios: 08a3dfac5fb39e8759aeb0abbd5d9480f30fc8b4
  video_player_avfoundation: 81e49bb3d9fb63dccf9fa0f6d877dc3ddbeac126
  wakelock_plus: 8b09852c8876491e4b6d179e17dfe2a0b5f60d47
  webview_flutter_wkwebview: 4f3e50f7273d31e5500066ed267e3ae4309c5ae4

PODFILE CHECKSUM: 833aa310305db1b6bbf16544f4fa72336502393e

COCOAPODS: 1.15.2
